
Microsoft Visual Studio Solution File, Format Version 11.00
# Visual Studio 2010
Project("{FAE04EC0-301F-11D3-BF4B-00C04F79EFBC}") = "DNN.SocialUrlProvider", "DNN.SocialUrlProvider.csproj", "{0D5948F0-B257-4F6F-B66F-2D06EF1B1FB0}"
EndProject
Global
	GlobalSection(TeamFoundationVersionControl) = preSolution
		SccNumberOfProjects = 2
		SccEnterpriseProvider = {4CA58AB2-18FA-4F8D-95D4-32DDF27D184C}
		SccTeamFoundationServer = https://tfs.codeplex.com/tfs/tfs03
		SccLocalPath0 = .
		SccProjectUniqueName1 = DNN.SocialUrlProvider.csproj
		SccLocalPath1 = .
	EndGlobalSection
	GlobalSection(SolutionConfigurationPlatforms) = preSolution
		Debug|Any CPU = Debug|Any CPU
		Release|Any CPU = Release|Any CPU
	EndGlobalSection
	GlobalSection(ProjectConfigurationPlatforms) = postSolution
		{0D5948F0-B257-4F6F-B66F-2D06EF1B1FB0}.Debug|Any CPU.ActiveCfg = Debug|Any CPU
		{0D5948F0-B257-4F6F-B66F-2D06EF1B1FB0}.Debug|Any CPU.Build.0 = Debug|Any CPU
		{0D5948F0-B257-4F6F-B66F-2D06EF1B1FB0}.Release|Any CPU.ActiveCfg = Release|Any CPU
		{0D5948F0-B257-4F6F-B66F-2D06EF1B1FB0}.Release|Any CPU.Build.0 = Release|Any CPU
	EndGlobalSection
	GlobalSection(SolutionProperties) = preSolution
		HideSolutionNode = FALSE
	EndGlobalSection
EndGlobal
